
Microsoft Visual Studio Solution File, Format Version 12.00
# Visual Studio 2013
VisualStudioVersion = 12.0.31101.0
MinimumVisualStudioVersion = 10.0.40219.1
Project("{FAE04EC0-301F-11D3-BF4B-00C04F79EFBC}") = "Antix.Web", "Antix.Web\Antix.Web.csproj", "{44CEEA48-C485-4E8E-B405-A46910A8EBA3}"
EndProject
Project("{FAE04EC0-301F-11D3-BF4B-00C04F79EFBC}") = "Antix", "Antix\Antix.csproj", "{2CBCF1F8-DA37-4E27-B785-819633D50E21}"
EndProject
Project("{FAE04EC0-301F-11D3-BF4B-00C04F79EFBC}") = "Antix.Tests", "Antix.Tests\Antix.Tests.csproj", "{7B613687-AD80-4228-AD95-F92B117EF311}"
EndProject
Project("{2150E333-8FDC-42A3-9474-1A3956D46DE8}") = ".nuget", ".nuget", "{E65F3774-ABB1-4B17-A82E-C5B7E2659270}"
	ProjectSection(SolutionItems) = preProject
		..\nuget\build.ps1 = ..\nuget\build.ps1
		..\nuget\install.ps1 = ..\nuget\install.ps1
		.nuget\NuGet.Config = .nuget\NuGet.Config
		.nuget\NuGet.exe = .nuget\NuGet.exe
		.nuget\NuGet.targets = .nuget\NuGet.targets
		.nuget\packages.config = .nuget\packages.config
	EndProjectSection
EndProject
Project("{FAE04EC0-301F-11D3-BF4B-00C04F79EFBC}") = "Antix.Html", "Antix.Html\Antix.Html.csproj", "{4F3C8CC9-B7EA-4506-8DF8-A1EEA81556DF}"
EndProject
Project("{FAE04EC0-301F-11D3-BF4B-00C04F79EFBC}") = "Antix.Drawing", "Antix.Drawing\Antix.Drawing.csproj", "{7106F36D-65FB-473A-A4E7-80F5FFDCC016}"
EndProject
Project("{FAE04EC0-301F-11D3-BF4B-00C04F79EFBC}") = "Antix.Data.Keywords", "Antix.Data.Keywords\Antix.Data.Keywords.csproj", "{1DED5C8F-85D6-4B11-8E51-FB5D8F984550}"
EndProject
Project("{FAE04EC0-301F-11D3-BF4B-00C04F79EFBC}") = "Antix.Data.Keywords.EF", "Antix.Data.Keywords.EF\Antix.Data.Keywords.EF.csproj", "{814DC821-B84A-4B43-A2DF-F8003DE122D5}"
EndProject
Project("{FAE04EC0-301F-11D3-BF4B-00C04F79EFBC}") = "Antix.Data", "Antix.Data\Antix.Data.csproj", "{94F9F413-9951-4E21-9F17-96C5C7E8972C}"
EndProject
Project("{FAE04EC0-301F-11D3-BF4B-00C04F79EFBC}") = "Antix.WebApi.Upload", "Antix.WebApi.Upload\Antix.WebApi.Upload.csproj", "{F5C43848-0A31-4675-9A61-DB165C95E7CD}"
EndProject
Project("{FAE04EC0-301F-11D3-BF4B-00C04F79EFBC}") = "Antix.WebApi.Upload.Azure", "Antix.WebApi.Upload.Azure\Antix.WebApi.Upload.Azure.csproj", "{8332B3FC-667D-4C5A-9189-95BCE7A95AA8}"
EndProject
Project("{FAE04EC0-301F-11D3-BF4B-00C04F79EFBC}") = "Antix.Data.Static", "Antix.Data.Static\Antix.Data.Static.csproj", "{1C61737B-E20F-47B0-ABD5-F36805E9EF85}"
EndProject
Project("{FAE04EC0-301F-11D3-BF4B-00C04F79EFBC}") = "Antix.Services", "Antix.Services\Antix.Services.csproj", "{DBCDF4E5-B883-4B11-869E-B7D9D36D899B}"
EndProject
Project("{FAE04EC0-301F-11D3-BF4B-00C04F79EFBC}") = "Antix.Security", "Antix.Security\Antix.Security.csproj", "{098AC085-ED76-4EF7-BA88-99AEC66E4E35}"
EndProject
Project("{FAE04EC0-301F-11D3-BF4B-00C04F79EFBC}") = "Antix.Http", "Antix.Http\Antix.Http.csproj", "{7963D77F-CD09-4477-B5B5-A39250575CE8}"
EndProject
Project("{FAE04EC0-301F-11D3-BF4B-00C04F79EFBC}") = "Antix.Services.ActionCache", "Antix.Services.ActionCache\Antix.Services.ActionCache.csproj", "{211F08F9-A271-4ED5-9A65-A17AD0EF9AD4}"
EndProject
Project("{2150E333-8FDC-42A3-9474-1A3956D46DE8}") = ".deploy", ".deploy", "{F754FB46-224E-412A-B889-EE4559BBB31A}"
	ProjectSection(SolutionItems) = preProject
		.deploy\execute.ps1 = .deploy\execute.ps1
		.deploy\Octo.exe = .deploy\Octo.exe
		.deploy\Octo.exe.config = .deploy\Octo.exe.config
	EndProjectSection
EndProject
Project("{FAE04EC0-301F-11D3-BF4B-00C04F79EFBC}") = "Antix.SignalR", "Antix.SignalR\Antix.SignalR.csproj", "{996EAAFC-5FA5-4B7B-9878-5BCB94820918}"
EndProject
Project("{2150E333-8FDC-42A3-9474-1A3956D46DE8}") = "Tests", "Tests", "{6237A697-D36F-4EAB-8E46-9CD9CD84EAD8}"
EndProject
Project("{FAE04EC0-301F-11D3-BF4B-00C04F79EFBC}") = "Antix.Code.Web", "Antix.Code.Web\Antix.Code.Web.csproj", "{BAF18B38-1848-475E-8177-EAFEEE3A708A}"
EndProject
Global
	GlobalSection(SolutionConfigurationPlatforms) = preSolution
		Debug|Any CPU = Debug|Any CPU
		Release|Any CPU = Release|Any CPU
	EndGlobalSection
	GlobalSection(ProjectConfigurationPlatforms) = postSolution
		{44CEEA48-C485-4E8E-B405-A46910A8EBA3}.Debug|Any CPU.ActiveCfg = Debug|Any CPU
		{44CEEA48-C485-4E8E-B405-A46910A8EBA3}.Debug|Any CPU.Build.0 = Debug|Any CPU
		{44CEEA48-C485-4E8E-B405-A46910A8EBA3}.Release|Any CPU.ActiveCfg = Release|Any CPU
		{44CEEA48-C485-4E8E-B405-A46910A8EBA3}.Release|Any CPU.Build.0 = Release|Any CPU
		{2CBCF1F8-DA37-4E27-B785-819633D50E21}.Debug|Any CPU.ActiveCfg = Debug|Any CPU
		{2CBCF1F8-DA37-4E27-B785-819633D50E21}.Debug|Any CPU.Build.0 = Debug|Any CPU
		{2CBCF1F8-DA37-4E27-B785-819633D50E21}.Release|Any CPU.ActiveCfg = Release|Any CPU
		{2CBCF1F8-DA37-4E27-B785-819633D50E21}.Release|Any CPU.Build.0 = Release|Any CPU
		{7B613687-AD80-4228-AD95-F92B117EF311}.Debug|Any CPU.ActiveCfg = Debug|Any CPU
		{7B613687-AD80-4228-AD95-F92B117EF311}.Debug|Any CPU.Build.0 = Debug|Any CPU
		{7B613687-AD80-4228-AD95-F92B117EF311}.Release|Any CPU.ActiveCfg = Release|Any CPU
		{7B613687-AD80-4228-AD95-F92B117EF311}.Release|Any CPU.Build.0 = Release|Any CPU
		{4F3C8CC9-B7EA-4506-8DF8-A1EEA81556DF}.Debug|Any CPU.ActiveCfg = Debug|Any CPU
		{4F3C8CC9-B7EA-4506-8DF8-A1EEA81556DF}.Debug|Any CPU.Build.0 = Debug|Any CPU
		{4F3C8CC9-B7EA-4506-8DF8-A1EEA81556DF}.Release|Any CPU.ActiveCfg = Release|Any CPU
		{4F3C8CC9-B7EA-4506-8DF8-A1EEA81556DF}.Release|Any CPU.Build.0 = Release|Any CPU
		{7106F36D-65FB-473A-A4E7-80F5FFDCC016}.Debug|Any CPU.ActiveCfg = Debug|Any CPU
		{7106F36D-65FB-473A-A4E7-80F5FFDCC016}.Debug|Any CPU.Build.0 = Debug|Any CPU
		{7106F36D-65FB-473A-A4E7-80F5FFDCC016}.Release|Any CPU.ActiveCfg = Release|Any CPU
		{7106F36D-65FB-473A-A4E7-80F5FFDCC016}.Release|Any CPU.Build.0 = Release|Any CPU
		{1DED5C8F-85D6-4B11-8E51-FB5D8F984550}.Debug|Any CPU.ActiveCfg = Debug|Any CPU
		{1DED5C8F-85D6-4B11-8E51-FB5D8F984550}.Debug|Any CPU.Build.0 = Debug|Any CPU
		{1DED5C8F-85D6-4B11-8E51-FB5D8F984550}.Release|Any CPU.ActiveCfg = Release|Any CPU
		{1DED5C8F-85D6-4B11-8E51-FB5D8F984550}.Release|Any CPU.Build.0 = Release|Any CPU
		{814DC821-B84A-4B43-A2DF-F8003DE122D5}.Debug|Any CPU.ActiveCfg = Debug|Any CPU
		{814DC821-B84A-4B43-A2DF-F8003DE122D5}.Debug|Any CPU.Build.0 = Debug|Any CPU
		{814DC821-B84A-4B43-A2DF-F8003DE122D5}.Release|Any CPU.ActiveCfg = Release|Any CPU
		{814DC821-B84A-4B43-A2DF-F8003DE122D5}.Release|Any CPU.Build.0 = Release|Any CPU
		{94F9F413-9951-4E21-9F17-96C5C7E8972C}.Debug|Any CPU.ActiveCfg = Debug|Any CPU
		{94F9F413-9951-4E21-9F17-96C5C7E8972C}.Debug|Any CPU.Build.0 = Debug|Any CPU
		{94F9F413-9951-4E21-9F17-96C5C7E8972C}.Release|Any CPU.ActiveCfg = Release|Any CPU
		{94F9F413-9951-4E21-9F17-96C5C7E8972C}.Release|Any CPU.Build.0 = Release|Any CPU
		{F5C43848-0A31-4675-9A61-DB165C95E7CD}.Debug|Any CPU.ActiveCfg = Debug|Any CPU
		{F5C43848-0A31-4675-9A61-DB165C95E7CD}.Debug|Any CPU.Build.0 = Debug|Any CPU
		{F5C43848-0A31-4675-9A61-DB165C95E7CD}.Release|Any CPU.ActiveCfg = Release|Any CPU
		{F5C43848-0A31-4675-9A61-DB165C95E7CD}.Release|Any CPU.Build.0 = Release|Any CPU
		{8332B3FC-667D-4C5A-9189-95BCE7A95AA8}.Debug|Any CPU.ActiveCfg = Debug|Any CPU
		{8332B3FC-667D-4C5A-9189-95BCE7A95AA8}.Debug|Any CPU.Build.0 = Debug|Any CPU
		{8332B3FC-667D-4C5A-9189-95BCE7A95AA8}.Release|Any CPU.ActiveCfg = Release|Any CPU
		{8332B3FC-667D-4C5A-9189-95BCE7A95AA8}.Release|Any CPU.Build.0 = Release|Any CPU
		{1C61737B-E20F-47B0-ABD5-F36805E9EF85}.Debug|Any CPU.ActiveCfg = Debug|Any CPU
		{1C61737B-E20F-47B0-ABD5-F36805E9EF85}.Debug|Any CPU.Build.0 = Debug|Any CPU
		{1C61737B-E20F-47B0-ABD5-F36805E9EF85}.Release|Any CPU.ActiveCfg = Release|Any CPU
		{1C61737B-E20F-47B0-ABD5-F36805E9EF85}.Release|Any CPU.Build.0 = Release|Any CPU
		{DBCDF4E5-B883-4B11-869E-B7D9D36D899B}.Debug|Any CPU.ActiveCfg = Debug|Any CPU
		{DBCDF4E5-B883-4B11-869E-B7D9D36D899B}.Debug|Any CPU.Build.0 = Debug|Any CPU
		{DBCDF4E5-B883-4B11-869E-B7D9D36D899B}.Release|Any CPU.ActiveCfg = Release|Any CPU
		{DBCDF4E5-B883-4B11-869E-B7D9D36D899B}.Release|Any CPU.Build.0 = Release|Any CPU
		{098AC085-ED76-4EF7-BA88-99AEC66E4E35}.Debug|Any CPU.ActiveCfg = Debug|Any CPU
		{098AC085-ED76-4EF7-BA88-99AEC66E4E35}.Debug|Any CPU.Build.0 = Debug|Any CPU
		{098AC085-ED76-4EF7-BA88-99AEC66E4E35}.Release|Any CPU.ActiveCfg = Release|Any CPU
		{098AC085-ED76-4EF7-BA88-99AEC66E4E35}.Release|Any CPU.Build.0 = Release|Any CPU
		{7963D77F-CD09-4477-B5B5-A39250575CE8}.Debug|Any CPU.ActiveCfg = Debug|Any CPU
		{7963D77F-CD09-4477-B5B5-A39250575CE8}.Debug|Any CPU.Build.0 = Debug|Any CPU
		{7963D77F-CD09-4477-B5B5-A39250575CE8}.Release|Any CPU.ActiveCfg = Release|Any CPU
		{7963D77F-CD09-4477-B5B5-A39250575CE8}.Release|Any CPU.Build.0 = Release|Any CPU
		{211F08F9-A271-4ED5-9A65-A17AD0EF9AD4}.Debug|Any CPU.ActiveCfg = Debug|Any CPU
		{211F08F9-A271-4ED5-9A65-A17AD0EF9AD4}.Debug|Any CPU.Build.0 = Debug|Any CPU
		{211F08F9-A271-4ED5-9A65-A17AD0EF9AD4}.Release|Any CPU.ActiveCfg = Release|Any CPU
		{211F08F9-A271-4ED5-9A65-A17AD0EF9AD4}.Release|Any CPU.Build.0 = Release|Any CPU
		{996EAAFC-5FA5-4B7B-9878-5BCB94820918}.Debug|Any CPU.ActiveCfg = Debug|Any CPU
		{996EAAFC-5FA5-4B7B-9878-5BCB94820918}.Debug|Any CPU.Build.0 = Debug|Any CPU
		{996EAAFC-5FA5-4B7B-9878-5BCB94820918}.Release|Any CPU.ActiveCfg = Release|Any CPU
		{996EAAFC-5FA5-4B7B-9878-5BCB94820918}.Release|Any CPU.Build.0 = Release|Any CPU
		{BAF18B38-1848-475E-8177-EAFEEE3A708A}.Debug|Any CPU.ActiveCfg = Debug|Any CPU
		{BAF18B38-1848-475E-8177-EAFEEE3A708A}.Debug|Any CPU.Build.0 = Debug|Any CPU
		{BAF18B38-1848-475E-8177-EAFEEE3A708A}.Release|Any CPU.ActiveCfg = Release|Any CPU
		{BAF18B38-1848-475E-8177-EAFEEE3A708A}.Release|Any CPU.Build.0 = Release|Any CPU
	EndGlobalSection
	GlobalSection(SolutionProperties) = preSolution
		HideSolutionNode = FALSE
	EndGlobalSection
	GlobalSection(NestedProjects) = preSolution
		{7B613687-AD80-4228-AD95-F92B117EF311} = {6237A697-D36F-4EAB-8E46-9CD9CD84EAD8}
	EndGlobalSection
	GlobalSection(ExtensibilityGlobals) = postSolution
		EnterpriseLibraryConfigurationToolBinariesPath = packages\Unity.2.1.505.2\lib\NET35
	EndGlobalSection
EndGlobal
